
Microsoft Visual Studio Solution File, Format Version 12.00
# Visual Studio Version 16
VisualStudioVersion = 16.0.29009.5
MinimumVisualStudioVersion = 10.0.40219.1
Project("{FAE04EC0-301F-11D3-BF4B-00C04F79EFBC}") = "DataAccess", "DataAccess\DataAccess.csproj", "{9308E3B4-BAEC-4526-9293-14ADC3E5E27D}"
EndProject
Global
	GlobalSection(SolutionConfigurationPlatforms) = preSolution
		Debug|Any CPU = Debug|Any CPU
		Release|Any CPU = Release|Any CPU
	EndGlobalSection
	GlobalSection(ProjectConfigurationPlatforms) = postSolution
		{9308E3B4-BAEC-4526-9293-14ADC3E5E27D}.Debug|Any CPU.ActiveCfg = Debug|Any CPU
		{9308E3B4-BAEC-4526-9293-14ADC3E5E27D}.Debug|Any CPU.Build.0 = Debug|Any CPU
		{9308E3B4-BAEC-4526-9293-14ADC3E5E27D}.Release|Any CPU.ActiveCfg = Release|Any CPU
		{9308E3B4-BAEC-4526-9293-14ADC3E5E27D}.Release|Any CPU.Build.0 = Release|Any CPU
	EndGlobalSection
	GlobalSection(SolutionProperties) = preSolution
		HideSolutionNode = FALSE
	EndGlobalSection
	GlobalSection(ExtensibilityGlobals) = postSolution
		SolutionGuid = {72C0406D-F182-461A-B236-17C8051A80B9}
	EndGlobalSection
EndGlobal
